
Microsoft Visual Studio Solution File, Format Version 12.00
# Visual Studio Version 16
VisualStudioVersion = 16.0.30225.117
MinimumVisualStudioVersion = 10.0.40219.1
Project("{9A19103F-16F7-4668-BE54-9A1E7A4F7556}") = "aspnetcorewebapp", "aspnetcorewebapp\aspnetcorewebapp.csproj", "{BFF2F2FA-71E2-4065-948C-7DAF55FA3893}"
EndProject
Project("{9A19103F-16F7-4668-BE54-9A1E7A4F7556}") = "aspnetcorewebapp.test", "aspnetcorewebapp.test\aspnetcorewebapp.test.csproj", "{7F817852-2C66-4EDC-927B-6CE2EDFFDAEA}"
EndProject
Global
	GlobalSection(SolutionConfigurationPlatforms) = preSolution
		Debug|Any CPU = Debug|Any CPU
		Release|Any CPU = Release|Any CPU
	EndGlobalSection
	GlobalSection(ProjectConfigurationPlatforms) = postSolution
		{BFF2F2FA-71E2-4065-948C-7DAF55FA3893}.Debug|Any CPU.ActiveCfg = Debug|Any CPU
		{BFF2F2FA-71E2-4065-948C-7DAF55FA3893}.Debug|Any CPU.Build.0 = Debug|Any CPU
		{BFF2F2FA-71E2-4065-948C-7DAF55FA3893}.Release|Any CPU.ActiveCfg = Release|Any CPU
		{BFF2F2FA-71E2-4065-948C-7DAF55FA3893}.Release|Any CPU.Build.0 = Release|Any CPU
		{7F817852-2C66-4EDC-927B-6CE2EDFFDAEA}.Debug|Any CPU.ActiveCfg = Debug|Any CPU
		{7F817852-2C66-4EDC-927B-6CE2EDFFDAEA}.Debug|Any CPU.Build.0 = Debug|Any CPU
		{7F817852-2C66-4EDC-927B-6CE2EDFFDAEA}.Release|Any CPU.ActiveCfg = Release|Any CPU
		{7F817852-2C66-4EDC-927B-6CE2EDFFDAEA}.Release|Any CPU.Build.0 = Release|Any CPU
	EndGlobalSection
	GlobalSection(SolutionProperties) = preSolution
		HideSolutionNode = FALSE
	EndGlobalSection
	GlobalSection(ExtensibilityGlobals) = postSolution
		SolutionGuid = {7D0CCE18-EB98-48D8-8CB8-1080D4799268}
	EndGlobalSection
EndGlobal
